
Microsoft Visual Studio Solution File, Format Version 12.00
# Visual Studio Version 17
VisualStudioVersion = 17.4.33403.182
MinimumVisualStudioVersion = 10.0.40219.1
Project("{FAE04EC0-301F-11D3-BF4B-00C04F79EFBC}") = "FileCombineProject", "FileCombineProject\FileCombineProject.csproj", "{C80396BC-A9DA-481E-BC40-B2B429077D4A}"
EndProject
Global
	GlobalSection(SolutionConfigurationPlatforms) = preSolution
		Debug|Any CPU = Debug|Any CPU
		Release|Any CPU = Release|Any CPU
	EndGlobalSection
	GlobalSection(ProjectConfigurationPlatforms) = postSolution
		{C80396BC-A9DA-481E-BC40-B2B429077D4A}.Debug|Any CPU.ActiveCfg = Debug|Any CPU
		{C80396BC-A9DA-481E-BC40-B2B429077D4A}.Debug|Any CPU.Build.0 = Debug|Any CPU
		{C80396BC-A9DA-481E-BC40-B2B429077D4A}.Release|Any CPU.ActiveCfg = Release|Any CPU
		{C80396BC-A9DA-481E-BC40-B2B429077D4A}.Release|Any CPU.Build.0 = Release|Any CPU
	EndGlobalSection
	GlobalSection(SolutionProperties) = preSolution
		HideSolutionNode = FALSE
	EndGlobalSection
	GlobalSection(ExtensibilityGlobals) = postSolution
		SolutionGuid = {FE827806-5774-441F-A075-B5D09DBA7471}
	EndGlobalSection
EndGlobal
